
Microsoft Visual Studio Solution File, Format Version 12.00
# Visual Studio Version 17
VisualStudioVersion = 17.0.31903.59
MinimumVisualStudioVersion = 10.0.40219.1
Project("{FAE04EC0-301F-11D3-BF4B-00C04F79EFBC}") = "GoalFlow.Api", "GoalFlow.Api\GoalFlow.Api.csproj", "{92FA178C-B44A-4B3B-8EBE-E148484AA81F}"
EndProject
Project("{FAE04EC0-301F-11D3-BF4B-00C04F79EFBC}") = "GoalFlow.Tests", "GoalFlow.Tests\GoalFlow.Tests.csproj", "{093BC9C4-D2A3-4AE8-B48D-C9BB222BA550}"
EndProject
Global
	GlobalSection(SolutionConfigurationPlatforms) = preSolution
		Debug|Any CPU = Debug|Any CPU
		Release|Any CPU = Release|Any CPU
	EndGlobalSection
	GlobalSection(SolutionProperties) = preSolution
		HideSolutionNode = FALSE
	EndGlobalSection
	GlobalSection(ProjectConfigurationPlatforms) = postSolution
		{92FA178C-B44A-4B3B-8EBE-E148484AA81F}.Debug|Any CPU.ActiveCfg = Debug|Any CPU
		{92FA178C-B44A-4B3B-8EBE-E148484AA81F}.Debug|Any CPU.Build.0 = Debug|Any CPU
		{92FA178C-B44A-4B3B-8EBE-E148484AA81F}.Release|Any CPU.ActiveCfg = Release|Any CPU
		{92FA178C-B44A-4B3B-8EBE-E148484AA81F}.Release|Any CPU.Build.0 = Release|Any CPU
		{093BC9C4-D2A3-4AE8-B48D-C9BB222BA550}.Debug|Any CPU.ActiveCfg = Debug|Any CPU
		{093BC9C4-D2A3-4AE8-B48D-C9BB222BA550}.Debug|Any CPU.Build.0 = Debug|Any CPU
		{093BC9C4-D2A3-4AE8-B48D-C9BB222BA550}.Release|Any CPU.ActiveCfg = Release|Any CPU
		{093BC9C4-D2A3-4AE8-B48D-C9BB222BA550}.Release|Any CPU.Build.0 = Release|Any CPU
	EndGlobalSection
EndGlobal
